
Microsoft Visual Studio Solution File, Format Version 12.00
# Visual Studio Version 16
VisualStudioVersion = 16.0.28803.202
MinimumVisualStudioVersion = 10.0.40219.1
Project("{FAE04EC0-301F-11D3-BF4B-00C04F79EFBC}") = "Fedandburk.iOS.Extensions", "Fedandburk.iOS.Extensions\Fedandburk.iOS.Extensions.csproj", "{D38A4AA9-E153-412C-B463-DEA87967B278}"
EndProject
Global
	GlobalSection(SolutionConfigurationPlatforms) = preSolution
		Debug|Any CPU = Debug|Any CPU
		Release|Any CPU = Release|Any CPU
	EndGlobalSection
	GlobalSection(ProjectConfigurationPlatforms) = postSolution
		{D38A4AA9-E153-412C-B463-DEA87967B278}.Debug|Any CPU.ActiveCfg = Debug|Any CPU
		{D38A4AA9-E153-412C-B463-DEA87967B278}.Debug|Any CPU.Build.0 = Debug|Any CPU
		{D38A4AA9-E153-412C-B463-DEA87967B278}.Release|Any CPU.ActiveCfg = Release|Any CPU
		{D38A4AA9-E153-412C-B463-DEA87967B278}.Release|Any CPU.Build.0 = Release|Any CPU
	EndGlobalSection
	GlobalSection(SolutionProperties) = preSolution
		HideSolutionNode = FALSE
	EndGlobalSection
	GlobalSection(ExtensibilityGlobals) = postSolution
		SolutionGuid = {427AE687-8F12-414C-AA1E-4D61CA0E96D3}
	EndGlobalSection
EndGlobal
